
Microsoft Visual Studio Solution File, Format Version 12.00
# Visual Studio Version 17
VisualStudioVersion = 17.4.33205.214
MinimumVisualStudioVersion = 10.0.40219.1
Project("{FAE04EC0-301F-11D3-BF4B-00C04F79EFBC}") = "Vidly", "Vidly\Vidly.csproj", "{CD26D6F1-C7DA-46D5-8B60-948A700BC51A}"
EndProject
Global
	GlobalSection(SolutionConfigurationPlatforms) = preSolution
		Debug|Any CPU = Debug|Any CPU
		Release|Any CPU = Release|Any CPU
	EndGlobalSection
	GlobalSection(ProjectConfigurationPlatforms) = postSolution
		{CD26D6F1-C7DA-46D5-8B60-948A700BC51A}.Debug|Any CPU.ActiveCfg = Debug|Any CPU
		{CD26D6F1-C7DA-46D5-8B60-948A700BC51A}.Debug|Any CPU.Build.0 = Debug|Any CPU
		{CD26D6F1-C7DA-46D5-8B60-948A700BC51A}.Release|Any CPU.ActiveCfg = Release|Any CPU
		{CD26D6F1-C7DA-46D5-8B60-948A700BC51A}.Release|Any CPU.Build.0 = Release|Any CPU
	EndGlobalSection
	GlobalSection(SolutionProperties) = preSolution
		HideSolutionNode = FALSE
	EndGlobalSection
	GlobalSection(ExtensibilityGlobals) = postSolution
		SolutionGuid = {844E0C76-12C3-4BCA-9C78-82320FC4A4FF}
	EndGlobalSection
EndGlobal
